
Microsoft Visual Studio Solution File, Format Version 12.00
# Visual Studio Version 16
VisualStudioVersion = 16.0.29123.88
MinimumVisualStudioVersion = 10.0.40219.1
Project("{8BC9CEB8-8B4A-11D0-8D11-00A0C91BC942}") = "ship_server", "ship_server.vcxproj", "{BB83F061-8262-489A-B804-637395B9F6F2}"
EndProject
Global
	GlobalSection(SolutionConfigurationPlatforms) = preSolution
		Debug|x86 = Debug|x86
		Release|x86 = Release|x86
	EndGlobalSection
	GlobalSection(ProjectConfigurationPlatforms) = postSolution
		{BB83F061-8262-489A-B804-637395B9F6F2}.Debug|x86.ActiveCfg = Debug|Win32
		{BB83F061-8262-489A-B804-637395B9F6F2}.Debug|x86.Build.0 = Debug|Win32
		{BB83F061-8262-489A-B804-637395B9F6F2}.Release|x86.ActiveCfg = Release|Win32
		{BB83F061-8262-489A-B804-637395B9F6F2}.Release|x86.Build.0 = Release|Win32
	EndGlobalSection
	GlobalSection(SolutionProperties) = preSolution
		HideSolutionNode = FALSE
	EndGlobalSection
	GlobalSection(ExtensibilityGlobals) = postSolution
		SolutionGuid = {3568EC10-305C-4306-BF75-E7E5225434C4}
	EndGlobalSection
EndGlobal
